
Microsoft Visual Studio Solution File, Format Version 12.00
# Visual Studio Version 17
VisualStudioVersion = 17.6.33815.320
MinimumVisualStudioVersion = 10.0.40219.1
Project("{8BC9CEB8-8B4A-11D0-8D11-00A0C91BC942}") = "VS2022 103.3", "VS2022 103.3.vcxproj", "{B2253506-0AC2-408D-ACD4-D151DB190617}"
EndProject
Global
	GlobalSection(SolutionConfigurationPlatforms) = preSolution
		Debug|x64 = Debug|x64
		Debug|x86 = Debug|x86
		Release|x64 = Release|x64
		Release|x86 = Release|x86
	EndGlobalSection
	GlobalSection(ProjectConfigurationPlatforms) = postSolution
		{B2253506-0AC2-408D-ACD4-D151DB190617}.Debug|x64.ActiveCfg = Debug|x64
		{B2253506-0AC2-408D-ACD4-D151DB190617}.Debug|x64.Build.0 = Debug|x64
		{B2253506-0AC2-408D-ACD4-D151DB190617}.Debug|x86.ActiveCfg = Debug|Win32
		{B2253506-0AC2-408D-ACD4-D151DB190617}.Debug|x86.Build.0 = Debug|Win32
		{B2253506-0AC2-408D-ACD4-D151DB190617}.Release|x64.ActiveCfg = Release|x64
		{B2253506-0AC2-408D-ACD4-D151DB190617}.Release|x64.Build.0 = Release|x64
		{B2253506-0AC2-408D-ACD4-D151DB190617}.Release|x86.ActiveCfg = Release|Win32
		{B2253506-0AC2-408D-ACD4-D151DB190617}.Release|x86.Build.0 = Release|Win32
	EndGlobalSection
	GlobalSection(SolutionProperties) = preSolution
		HideSolutionNode = FALSE
	EndGlobalSection
	GlobalSection(ExtensibilityGlobals) = postSolution
		SolutionGuid = {2B21BA14-DCAC-471D-8891-AAE351024074}
	EndGlobalSection
EndGlobal
